
Microsoft Visual Studio Solution File, Format Version 12.00
# Visual Studio Version 17
VisualStudioVersion = 17.3.32819.101
MinimumVisualStudioVersion = 10.0.40219.1
Project("{FAE04EC0-301F-11D3-BF4B-00C04F79EFBC}") = "AESEncryption", "AESEncryption\AESEncryption.csproj", "{40DD6A60-AD8C-4579-A00E-1E22ADD4E767}"
EndProject
Project("{FAE04EC0-301F-11D3-BF4B-00C04F79EFBC}") = "UnitTests", "UnitTests\UnitTests.csproj", "{5720DC13-ED2A-4363-BE79-A14C8A3E7644}"
EndProject
Global
	GlobalSection(SolutionConfigurationPlatforms) = preSolution
		Debug|Any CPU = Debug|Any CPU
		Release|Any CPU = Release|Any CPU
	EndGlobalSection
	GlobalSection(ProjectConfigurationPlatforms) = postSolution
		{40DD6A60-AD8C-4579-A00E-1E22ADD4E767}.Debug|Any CPU.ActiveCfg = Debug|Any CPU
		{40DD6A60-AD8C-4579-A00E-1E22ADD4E767}.Debug|Any CPU.Build.0 = Debug|Any CPU
		{40DD6A60-AD8C-4579-A00E-1E22ADD4E767}.Release|Any CPU.ActiveCfg = Release|Any CPU
		{40DD6A60-AD8C-4579-A00E-1E22ADD4E767}.Release|Any CPU.Build.0 = Release|Any CPU
		{5720DC13-ED2A-4363-BE79-A14C8A3E7644}.Debug|Any CPU.ActiveCfg = Debug|Any CPU
		{5720DC13-ED2A-4363-BE79-A14C8A3E7644}.Debug|Any CPU.Build.0 = Debug|Any CPU
		{5720DC13-ED2A-4363-BE79-A14C8A3E7644}.Release|Any CPU.ActiveCfg = Release|Any CPU
		{5720DC13-ED2A-4363-BE79-A14C8A3E7644}.Release|Any CPU.Build.0 = Release|Any CPU
	EndGlobalSection
	GlobalSection(SolutionProperties) = preSolution
		HideSolutionNode = FALSE
	EndGlobalSection
	GlobalSection(ExtensibilityGlobals) = postSolution
		SolutionGuid = {18DFCE84-B871-47F2-8D0D-9FE7431F99A0}
	EndGlobalSection
EndGlobal
